
Microsoft Visual Studio Solution File, Format Version 12.00
# Visual Studio Version 17
VisualStudioVersion = 17.0.31903.59
MinimumVisualStudioVersion = 10.0.40219.1
Project("{2150E333-8FDC-42A3-9474-1A3956D46DE8}") = "src", "src", "{827E0CD3-B72D-47B6-A68D-7590B98EB39B}"
EndProject
Project("{FAE04EC0-301F-11D3-BF4B-00C04F79EFBC}") = "Domain", "src\Domain\Domain.csproj", "{F3CDECAF-31D7-4039-8F11-6E2DA1AB8419}"
EndProject
Project("{FAE04EC0-301F-11D3-BF4B-00C04F79EFBC}") = "Application", "src\Application\Application.csproj", "{B5D39328-41C5-4B47-A4CD-9BD49BF8D4F0}"
EndProject
Project("{FAE04EC0-301F-11D3-BF4B-00C04F79EFBC}") = "Infrastructure", "src\Infrastructure\Infrastructure.csproj", "{628FB70F-9D7B-4B2E-B190-114A92ED0136}"
EndProject
Project("{FAE04EC0-301F-11D3-BF4B-00C04F79EFBC}") = "Api", "src\Api\Api.csproj", "{867E498D-BD20-4B81-800B-D79B9F917D0A}"
EndProject
Project("{2150E333-8FDC-42A3-9474-1A3956D46DE8}") = "tests", "tests", "{0AB3BF05-4346-4AA6-1389-037BE0695223}"
EndProject
Project("{FAE04EC0-301F-11D3-BF4B-00C04F79EFBC}") = "Application.Tests", "tests\Application.Tests\Application.Tests.csproj", "{33B7E98B-5BEA-4135-AAB8-15A03A1CD323}"
EndProject
Global
	GlobalSection(SolutionConfigurationPlatforms) = preSolution
		Debug|Any CPU = Debug|Any CPU
		Debug|x64 = Debug|x64
		Debug|x86 = Debug|x86
		Release|Any CPU = Release|Any CPU
		Release|x64 = Release|x64
		Release|x86 = Release|x86
	EndGlobalSection
	GlobalSection(ProjectConfigurationPlatforms) = postSolution
		{F3CDECAF-31D7-4039-8F11-6E2DA1AB8419}.Debug|Any CPU.ActiveCfg = Debug|Any CPU
		{F3CDECAF-31D7-4039-8F11-6E2DA1AB8419}.Debug|Any CPU.Build.0 = Debug|Any CPU
		{F3CDECAF-31D7-4039-8F11-6E2DA1AB8419}.Debug|x64.ActiveCfg = Debug|Any CPU
		{F3CDECAF-31D7-4039-8F11-6E2DA1AB8419}.Debug|x64.Build.0 = Debug|Any CPU
		{F3CDECAF-31D7-4039-8F11-6E2DA1AB8419}.Debug|x86.ActiveCfg = Debug|Any CPU
		{F3CDECAF-31D7-4039-8F11-6E2DA1AB8419}.Debug|x86.Build.0 = Debug|Any CPU
		{F3CDECAF-31D7-4039-8F11-6E2DA1AB8419}.Release|Any CPU.ActiveCfg = Release|Any CPU
		{F3CDECAF-31D7-4039-8F11-6E2DA1AB8419}.Release|Any CPU.Build.0 = Release|Any CPU
		{F3CDECAF-31D7-4039-8F11-6E2DA1AB8419}.Release|x64.ActiveCfg = Release|Any CPU
		{F3CDECAF-31D7-4039-8F11-6E2DA1AB8419}.Release|x64.Build.0 = Release|Any CPU
		{F3CDECAF-31D7-4039-8F11-6E2DA1AB8419}.Release|x86.ActiveCfg = Release|Any CPU
		{F3CDECAF-31D7-4039-8F11-6E2DA1AB8419}.Release|x86.Build.0 = Release|Any CPU
		{B5D39328-41C5-4B47-A4CD-9BD49BF8D4F0}.Debug|Any CPU.ActiveCfg = Debug|Any CPU
		{B5D39328-41C5-4B47-A4CD-9BD49BF8D4F0}.Debug|Any CPU.Build.0 = Debug|Any CPU
		{B5D39328-41C5-4B47-A4CD-9BD49BF8D4F0}.Debug|x64.ActiveCfg = Debug|Any CPU
		{B5D39328-41C5-4B47-A4CD-9BD49BF8D4F0}.Debug|x64.Build.0 = Debug|Any CPU
		{B5D39328-41C5-4B47-A4CD-9BD49BF8D4F0}.Debug|x86.ActiveCfg = Debug|Any CPU
		{B5D39328-41C5-4B47-A4CD-9BD49BF8D4F0}.Debug|x86.Build.0 = Debug|Any CPU
		{B5D39328-41C5-4B47-A4CD-9BD49BF8D4F0}.Release|Any CPU.ActiveCfg = Release|Any CPU
		{B5D39328-41C5-4B47-A4CD-9BD49BF8D4F0}.Release|Any CPU.Build.0 = Release|Any CPU
		{B5D39328-41C5-4B47-A4CD-9BD49BF8D4F0}.Release|x64.ActiveCfg = Release|Any CPU
		{B5D39328-41C5-4B47-A4CD-9BD49BF8D4F0}.Release|x64.Build.0 = Release|Any CPU
		{B5D39328-41C5-4B47-A4CD-9BD49BF8D4F0}.Release|x86.ActiveCfg = Release|Any CPU
		{B5D39328-41C5-4B47-A4CD-9BD49BF8D4F0}.Release|x86.Build.0 = Release|Any CPU
		{628FB70F-9D7B-4B2E-B190-114A92ED0136}.Debug|Any CPU.ActiveCfg = Debug|Any CPU
		{628FB70F-9D7B-4B2E-B190-114A92ED0136}.Debug|Any CPU.Build.0 = Debug|Any CPU
		{628FB70F-9D7B-4B2E-B190-114A92ED0136}.Debug|x64.ActiveCfg = Debug|Any CPU
		{628FB70F-9D7B-4B2E-B190-114A92ED0136}.Debug|x64.Build.0 = Debug|Any CPU
		{628FB70F-9D7B-4B2E-B190-114A92ED0136}.Debug|x86.ActiveCfg = Debug|Any CPU
		{628FB70F-9D7B-4B2E-B190-114A92ED0136}.Debug|x86.Build.0 = Debug|Any CPU
		{628FB70F-9D7B-4B2E-B190-114A92ED0136}.Release|Any CPU.ActiveCfg = Release|Any CPU
		{628FB70F-9D7B-4B2E-B190-114A92ED0136}.Release|Any CPU.Build.0 = Release|Any CPU
		{628FB70F-9D7B-4B2E-B190-114A92ED0136}.Release|x64.ActiveCfg = Release|Any CPU
		{628FB70F-9D7B-4B2E-B190-114A92ED0136}.Release|x64.Build.0 = Release|Any CPU
		{628FB70F-9D7B-4B2E-B190-114A92ED0136}.Release|x86.ActiveCfg = Release|Any CPU
		{628FB70F-9D7B-4B2E-B190-114A92ED0136}.Release|x86.Build.0 = Release|Any CPU
		{867E498D-BD20-4B81-800B-D79B9F917D0A}.Debug|Any CPU.ActiveCfg = Debug|Any CPU
		{867E498D-BD20-4B81-800B-D79B9F917D0A}.Debug|Any CPU.Build.0 = Debug|Any CPU
		{867E498D-BD20-4B81-800B-D79B9F917D0A}.Debug|x64.ActiveCfg = Debug|Any CPU
		{867E498D-BD20-4B81-800B-D79B9F917D0A}.Debug|x64.Build.0 = Debug|Any CPU
		{867E498D-BD20-4B81-800B-D79B9F917D0A}.Debug|x86.ActiveCfg = Debug|Any CPU
		{867E498D-BD20-4B81-800B-D79B9F917D0A}.Debug|x86.Build.0 = Debug|Any CPU
		{867E498D-BD20-4B81-800B-D79B9F917D0A}.Release|Any CPU.ActiveCfg = Release|Any CPU
		{867E498D-BD20-4B81-800B-D79B9F917D0A}.Release|Any CPU.Build.0 = Release|Any CPU
		{867E498D-BD20-4B81-800B-D79B9F917D0A}.Release|x64.ActiveCfg = Release|Any CPU
		{867E498D-BD20-4B81-800B-D79B9F917D0A}.Release|x64.Build.0 = Release|Any CPU
		{867E498D-BD20-4B81-800B-D79B9F917D0A}.Release|x86.ActiveCfg = Release|Any CPU
		{867E498D-BD20-4B81-800B-D79B9F917D0A}.Release|x86.Build.0 = Release|Any CPU
		{33B7E98B-5BEA-4135-AAB8-15A03A1CD323}.Debug|Any CPU.ActiveCfg = Debug|Any CPU
		{33B7E98B-5BEA-4135-AAB8-15A03A1CD323}.Debug|Any CPU.Build.0 = Debug|Any CPU
		{33B7E98B-5BEA-4135-AAB8-15A03A1CD323}.Debug|x64.ActiveCfg = Debug|Any CPU
		{33B7E98B-5BEA-4135-AAB8-15A03A1CD323}.Debug|x64.Build.0 = Debug|Any CPU
		{33B7E98B-5BEA-4135-AAB8-15A03A1CD323}.Debug|x86.ActiveCfg = Debug|Any CPU
		{33B7E98B-5BEA-4135-AAB8-15A03A1CD323}.Debug|x86.Build.0 = Debug|Any CPU
		{33B7E98B-5BEA-4135-AAB8-15A03A1CD323}.Release|Any CPU.ActiveCfg = Release|Any CPU
		{33B7E98B-5BEA-4135-AAB8-15A03A1CD323}.Release|Any CPU.Build.0 = Release|Any CPU
		{33B7E98B-5BEA-4135-AAB8-15A03A1CD323}.Release|x64.ActiveCfg = Release|Any CPU
		{33B7E98B-5BEA-4135-AAB8-15A03A1CD323}.Release|x64.Build.0 = Release|Any CPU
		{33B7E98B-5BEA-4135-AAB8-15A03A1CD323}.Release|x86.ActiveCfg = Release|Any CPU
		{33B7E98B-5BEA-4135-AAB8-15A03A1CD323}.Release|x86.Build.0 = Release|Any CPU
	EndGlobalSection
	GlobalSection(SolutionProperties) = preSolution
		HideSolutionNode = FALSE
	EndGlobalSection
	GlobalSection(NestedProjects) = preSolution
		{F3CDECAF-31D7-4039-8F11-6E2DA1AB8419} = {827E0CD3-B72D-47B6-A68D-7590B98EB39B}
		{B5D39328-41C5-4B47-A4CD-9BD49BF8D4F0} = {827E0CD3-B72D-47B6-A68D-7590B98EB39B}
		{628FB70F-9D7B-4B2E-B190-114A92ED0136} = {827E0CD3-B72D-47B6-A68D-7590B98EB39B}
		{867E498D-BD20-4B81-800B-D79B9F917D0A} = {827E0CD3-B72D-47B6-A68D-7590B98EB39B}
		{33B7E98B-5BEA-4135-AAB8-15A03A1CD323} = {0AB3BF05-4346-4AA6-1389-037BE0695223}
	EndGlobalSection
EndGlobal
